
Microsoft Visual Studio Solution File, Format Version 12.00
# Visual Studio Version 16
VisualStudioVersion = 16.0.32106.194
MinimumVisualStudioVersion = 10.0.40219.1
Project("{FAE04EC0-301F-11D3-BF4B-00C04F79EFBC}") = "PracticaApp", "PracticaApp\PracticaApp.csproj", "{ABAB5BCA-85DD-4FD7-8DE0-B4A655379413}"
EndProject
Global
	GlobalSection(SolutionConfigurationPlatforms) = preSolution
		Debug|Any CPU = Debug|Any CPU
		Release|Any CPU = Release|Any CPU
	EndGlobalSection
	GlobalSection(ProjectConfigurationPlatforms) = postSolution
		{ABAB5BCA-85DD-4FD7-8DE0-B4A655379413}.Debug|Any CPU.ActiveCfg = Debug|Any CPU
		{ABAB5BCA-85DD-4FD7-8DE0-B4A655379413}.Debug|Any CPU.Build.0 = Debug|Any CPU
		{ABAB5BCA-85DD-4FD7-8DE0-B4A655379413}.Release|Any CPU.ActiveCfg = Release|Any CPU
		{ABAB5BCA-85DD-4FD7-8DE0-B4A655379413}.Release|Any CPU.Build.0 = Release|Any CPU
	EndGlobalSection
	GlobalSection(SolutionProperties) = preSolution
		HideSolutionNode = FALSE
	EndGlobalSection
	GlobalSection(ExtensibilityGlobals) = postSolution
		SolutionGuid = {962870EF-20E4-4329-BBAB-A1BC3554242D}
	EndGlobalSection
EndGlobal
